lockfileVersion: '9.0'

settings:
  autoInstallPeers: true
  excludeLinksFromLockfile: false

importers:

  .:
    dependencies:
      usb:
        specifier: ^2.15.0
        version: 2.15.0

packages:

  '@types/w3c-web-usb@1.0.10':
    resolution: {integrity: sha512-CHgUI5kTc/QLMP8hODUHhge0D4vx+9UiAwIGiT0sTy/B2XpdX1U5rJt6JSISgr6ikRT7vxV9EVAFeYZqUnl1gQ==}

  node-addon-api@8.3.1:
    resolution: {integrity: sha512-lytcDEdxKjGJPTLEfW4mYMigRezMlyJY8W4wxJK8zE533Jlb8L8dRuObJFWg2P+AuOIxoCgKF+2Oq4d4Zd0OUA==}
    engines: {node: ^18 || ^20 || >= 21}

  node-gyp-build@4.8.4:
    resolution: {integrity: sha512-LA4ZjwlnUblHVgq0oBF3Jl/6h/Nvs5fzBLwdEF4nuxnFdsfajde4WfxtJr3CaiH+F6ewcIB/q4jQ4UzPyid+CQ==}
    hasBin: true

  usb@2.15.0:
    resolution: {integrity: sha512-BA9r7PFxyYp99wps1N70lIqdPb2Utcl2KkWohDtWUmhDBeM5hDH1Zl/L/CZvWxd5W3RUCNm1g+b+DEKZ6cHzqg==}
    engines: {node: '>=12.22.0 <13.0 || >=14.17.0'}

snapshots:

  '@types/w3c-web-usb@1.0.10': {}

  node-addon-api@8.3.1: {}

  node-gyp-build@4.8.4: {}

  usb@2.15.0:
    dependencies:
      '@types/w3c-web-usb': 1.0.10
      node-addon-api: 8.3.1
      node-gyp-build: 4.8.4
